
Microsoft Visual Studio Solution File, Format Version 12.00
# Visual Studio 15
VisualStudioVersion = 15.0.28010.2036
MinimumVisualStudioVersion = 10.0.40219.1
Project("{FAE04EC0-301F-11D3-BF4B-00C04F79EFBC}") = "ClinicManagement", "ClinicManagement\ClinicManagement.csproj", "{212C8906-3217-4EAF-A67B-0E23C790F066}"
EndProject
Project("{FAE04EC0-301F-11D3-BF4B-00C04F79EFBC}") = "DAO", "DAO\DAO.csproj", "{4E93204F-40B0-4120-8193-01FB0BECAD00}"
EndProject
Project("{FAE04EC0-301F-11D3-BF4B-00C04F79EFBC}") = "DTO", "DTO\DTO.csproj", "{8173EA14-8393-4540-B2DF-1AD6F7A9967E}"
EndProject
Project("{FAE04EC0-301F-11D3-BF4B-00C04F79EFBC}") = "BUS", "BUS\BUS.csproj", "{3DCB911A-91C7-4974-900A-2440EB9AC89F}"
EndProject
Project("{FAE04EC0-301F-11D3-BF4B-00C04F79EFBC}") = "UnitTest", "UnitTest\UnitTest.csproj", "{DD9D4D9A-7BAD-4656-BEF1-DE5E1B3872DD}"
EndProject
Project("{FAE04EC0-301F-11D3-BF4B-00C04F79EFBC}") = "COM", "COM\COM.csproj", "{CBEAA07F-6059-4736-A9BD-E24500D08946}"
EndProject
Project("{FAE04EC0-301F-11D3-BF4B-00C04F79EFBC}") = "Report", "LaySoThuTu\Report.csproj", "{C538A96D-F0C3-4FC5-B64A-ED0B42332285}"
EndProject
Global
	GlobalSection(SolutionConfigurationPlatforms) = preSolution
		Debug|Any CPU = Debug|Any CPU
		Release|Any CPU = Release|Any CPU
	EndGlobalSection
	GlobalSection(ProjectConfigurationPlatforms) = postSolution
		{212C8906-3217-4EAF-A67B-0E23C790F066}.Debug|Any CPU.ActiveCfg = Debug|Any CPU
		{212C8906-3217-4EAF-A67B-0E23C790F066}.Debug|Any CPU.Build.0 = Debug|Any CPU
		{212C8906-3217-4EAF-A67B-0E23C790F066}.Release|Any CPU.ActiveCfg = Release|Any CPU
		{212C8906-3217-4EAF-A67B-0E23C790F066}.Release|Any CPU.Build.0 = Release|Any CPU
		{4E93204F-40B0-4120-8193-01FB0BECAD00}.Debug|Any CPU.ActiveCfg = Debug|Any CPU
		{4E93204F-40B0-4120-8193-01FB0BECAD00}.Debug|Any CPU.Build.0 = Debug|Any CPU
		{4E93204F-40B0-4120-8193-01FB0BECAD00}.Release|Any CPU.ActiveCfg = Release|Any CPU
		{4E93204F-40B0-4120-8193-01FB0BECAD00}.Release|Any CPU.Build.0 = Release|Any CPU
		{8173EA14-8393-4540-B2DF-1AD6F7A9967E}.Debug|Any CPU.ActiveCfg = Debug|Any CPU
		{8173EA14-8393-4540-B2DF-1AD6F7A9967E}.Debug|Any CPU.Build.0 = Debug|Any CPU
		{8173EA14-8393-4540-B2DF-1AD6F7A9967E}.Release|Any CPU.ActiveCfg = Release|Any CPU
		{8173EA14-8393-4540-B2DF-1AD6F7A9967E}.Release|Any CPU.Build.0 = Release|Any CPU
		{3DCB911A-91C7-4974-900A-2440EB9AC89F}.Debug|Any CPU.ActiveCfg = Debug|Any CPU
		{3DCB911A-91C7-4974-900A-2440EB9AC89F}.Debug|Any CPU.Build.0 = Debug|Any CPU
		{3DCB911A-91C7-4974-900A-2440EB9AC89F}.Release|Any CPU.ActiveCfg = Release|Any CPU
		{3DCB911A-91C7-4974-900A-2440EB9AC89F}.Release|Any CPU.Build.0 = Release|Any CPU
		{DD9D4D9A-7BAD-4656-BEF1-DE5E1B3872DD}.Debug|Any CPU.ActiveCfg = Debug|Any CPU
		{DD9D4D9A-7BAD-4656-BEF1-DE5E1B3872DD}.Debug|Any CPU.Build.0 = Debug|Any CPU
		{DD9D4D9A-7BAD-4656-BEF1-DE5E1B3872DD}.Release|Any CPU.ActiveCfg = Release|Any CPU
		{DD9D4D9A-7BAD-4656-BEF1-DE5E1B3872DD}.Release|Any CPU.Build.0 = Release|Any CPU
		{CBEAA07F-6059-4736-A9BD-E24500D08946}.Debug|Any CPU.ActiveCfg = Debug|Any CPU
		{CBEAA07F-6059-4736-A9BD-E24500D08946}.Debug|Any CPU.Build.0 = Debug|Any CPU
		{CBEAA07F-6059-4736-A9BD-E24500D08946}.Release|Any CPU.ActiveCfg = Release|Any CPU
		{CBEAA07F-6059-4736-A9BD-E24500D08946}.Release|Any CPU.Build.0 = Release|Any CPU
		{C538A96D-F0C3-4FC5-B64A-ED0B42332285}.Debug|Any CPU.ActiveCfg = Debug|Any CPU
		{C538A96D-F0C3-4FC5-B64A-ED0B42332285}.Debug|Any CPU.Build.0 = Debug|Any CPU
		{C538A96D-F0C3-4FC5-B64A-ED0B42332285}.Release|Any CPU.ActiveCfg = Release|Any CPU
		{C538A96D-F0C3-4FC5-B64A-ED0B42332285}.Release|Any CPU.Build.0 = Release|Any CPU
	EndGlobalSection
	GlobalSection(SolutionProperties) = preSolution
		HideSolutionNode = FALSE
	EndGlobalSection
	GlobalSection(ExtensibilityGlobals) = postSolution
		SolutionGuid = {5A3FACF2-3520-48F5-B463-34AB13D63650}
	EndGlobalSection
EndGlobal
